
Microsoft Visual Studio Solution File, Format Version 12.00
# Visual Studio 14
VisualStudioVersion = 14.0.25123.0
MinimumVisualStudioVersion = 10.0.40219.1
Project("{FAE04EC0-301F-11D3-BF4B-00C04F79EFBC}") = "BankServer", "BankServer\BankServer.csproj", "{707FA79C-7A50-4FC7-94C8-B8AF5C1FAC5B}"
EndProject
Project("{FAE04EC0-301F-11D3-BF4B-00C04F79EFBC}") = "BankClient", "BankClient\BankClient.csproj", "{CEC5551F-39AE-4789-858A-B6648517FE27}"
EndProject
Global
	GlobalSection(SolutionConfigurationPlatforms) = preSolution
		Debug|Any CPU = Debug|Any CPU
		Release|Any CPU = Release|Any CPU
	EndGlobalSection
	GlobalSection(ProjectConfigurationPlatforms) = postSolution
		{707FA79C-7A50-4FC7-94C8-B8AF5C1FAC5B}.Debug|Any CPU.ActiveCfg = Debug|Any CPU
		{707FA79C-7A50-4FC7-94C8-B8AF5C1FAC5B}.Debug|Any CPU.Build.0 = Debug|Any CPU
		{707FA79C-7A50-4FC7-94C8-B8AF5C1FAC5B}.Release|Any CPU.ActiveCfg = Release|Any CPU
		{707FA79C-7A50-4FC7-94C8-B8AF5C1FAC5B}.Release|Any CPU.Build.0 = Release|Any CPU
		{CEC5551F-39AE-4789-858A-B6648517FE27}.Debug|Any CPU.ActiveCfg = Debug|Any CPU
		{CEC5551F-39AE-4789-858A-B6648517FE27}.Debug|Any CPU.Build.0 = Debug|Any CPU
		{CEC5551F-39AE-4789-858A-B6648517FE27}.Release|Any CPU.ActiveCfg = Release|Any CPU
		{CEC5551F-39AE-4789-858A-B6648517FE27}.Release|Any CPU.Build.0 = Release|Any CPU
	EndGlobalSection
	GlobalSection(SolutionProperties) = preSolution
		HideSolutionNode = FALSE
	EndGlobalSection
EndGlobal
